Microsoft Visual Studio Solution File, Format Version 12.00
# Visual Studio 15
VisualStudioVersion = 15.0.26124.0
MinimumVisualStudioVersion = 15.0.26124.0
Project("{2150E333-8FDC-42A3-9474-1A3956D46DE8}") = "src", "src", "{40C82C47-5328-4392-8027-70284087CFF1}"
EndProject
Project("{9A19103F-16F7-4668-BE54-9A1E7A4F7556}") = "Rasodu.IndexesConstituents.Updater", "src\Rasodu.IndexesConstituents.Updater\Rasodu.IndexesConstituents.Updater.csproj", "{B107757E-26D2-4673-BBED-E84646DCBE75}"
EndProject
Project("{9A19103F-16F7-4668-BE54-9A1E7A4F7556}") = "Rasodu.IndexesConstituents.Updater.Test", "src\Rasodu.IndexesConstituents.Updater.Test\Rasodu.IndexesConstituents.Updater.Test.csproj", "{BE6FF464-3F11-45C9-BA97-72A6D9FB4A99}"
EndProject
Global
	GlobalSection(SolutionConfigurationPlatforms) = preSolution
		Debug|Any CPU = Debug|Any CPU
		Debug|x64 = Debug|x64
		Debug|x86 = Debug|x86
		Release|Any CPU = Release|Any CPU
		Release|x64 = Release|x64
		Release|x86 = Release|x86
	EndGlobalSection
	GlobalSection(ProjectConfigurationPlatforms) = postSolution
		{B107757E-26D2-4673-BBED-E84646DCBE75}.Debug|Any CPU.ActiveCfg = Debug|Any CPU
		{B107757E-26D2-4673-BBED-E84646DCBE75}.Debug|Any CPU.Build.0 = Debug|Any CPU
		{B107757E-26D2-4673-BBED-E84646DCBE75}.Debug|x64.ActiveCfg = Debug|Any CPU
		{B107757E-26D2-4673-BBED-E84646DCBE75}.Debug|x64.Build.0 = Debug|Any CPU
		{B107757E-26D2-4673-BBED-E84646DCBE75}.Debug|x86.ActiveCfg = Debug|Any CPU
		{B107757E-26D2-4673-BBED-E84646DCBE75}.Debug|x86.Build.0 = Debug|Any CPU
		{B107757E-26D2-4673-BBED-E84646DCBE75}.Release|Any CPU.ActiveCfg = Release|Any CPU
		{B107757E-26D2-4673-BBED-E84646DCBE75}.Release|Any CPU.Build.0 = Release|Any CPU
		{B107757E-26D2-4673-BBED-E84646DCBE75}.Release|x64.ActiveCfg = Release|Any CPU
		{B107757E-26D2-4673-BBED-E84646DCBE75}.Release|x64.Build.0 = Release|Any CPU
		{B107757E-26D2-4673-BBED-E84646DCBE75}.Release|x86.ActiveCfg = Release|Any CPU
		{B107757E-26D2-4673-BBED-E84646DCBE75}.Release|x86.Build.0 = Release|Any CPU
		{BE6FF464-3F11-45C9-BA97-72A6D9FB4A99}.Debug|Any CPU.ActiveCfg = Debug|Any CPU
		{BE6FF464-3F11-45C9-BA97-72A6D9FB4A99}.Debug|Any CPU.Build.0 = Debug|Any CPU
		{BE6FF464-3F11-45C9-BA97-72A6D9FB4A99}.Debug|x64.ActiveCfg = Debug|Any CPU
		{BE6FF464-3F11-45C9-BA97-72A6D9FB4A99}.Debug|x64.Build.0 = Debug|Any CPU
		{BE6FF464-3F11-45C9-BA97-72A6D9FB4A99}.Debug|x86.ActiveCfg = Debug|Any CPU
		{BE6FF464-3F11-45C9-BA97-72A6D9FB4A99}.Debug|x86.Build.0 = Debug|Any CPU
		{BE6FF464-3F11-45C9-BA97-72A6D9FB4A99}.Release|Any CPU.ActiveCfg = Release|Any CPU
		{BE6FF464-3F11-45C9-BA97-72A6D9FB4A99}.Release|Any CPU.Build.0 = Release|Any CPU
		{BE6FF464-3F11-45C9-BA97-72A6D9FB4A99}.Release|x64.ActiveCfg = Release|Any CPU
		{BE6FF464-3F11-45C9-BA97-72A6D9FB4A99}.Release|x64.Build.0 = Release|Any CPU
		{BE6FF464-3F11-45C9-BA97-72A6D9FB4A99}.Release|x86.ActiveCfg = Release|Any CPU
		{BE6FF464-3F11-45C9-BA97-72A6D9FB4A99}.Release|x86.Build.0 = Release|Any CPU
	EndGlobalSection
	GlobalSection(SolutionProperties) = preSolution
		HideSolutionNode = FALSE
	EndGlobalSection
	GlobalSection(NestedProjects) = preSolution
		{B107757E-26D2-4673-BBED-E84646DCBE75} = {40C82C47-5328-4392-8027-70284087CFF1}
		{BE6FF464-3F11-45C9-BA97-72A6D9FB4A99} = {40C82C47-5328-4392-8027-70284087CFF1}
	EndGlobalSection
	GlobalSection(ExtensibilityGlobals) = postSolution
		SolutionGuid = {A9A10C30-27F1-4DE5-B271-0E1FCC403A47}
	EndGlobalSection
EndGlobal
