
Microsoft Visual Studio Solution File, Format Version 12.00
# Visual Studio 15
VisualStudioVersion = 15.0.26124.0
MinimumVisualStudioVersion = 15.0.26124.0
Project("{2150E333-8FDC-42A3-9474-1A3956D46DE8}") = "src", "src", "{40C82C47-5328-4392-8027-70284087CFF1}"
EndProject
Project("{9A19103F-16F7-4668-BE54-9A1E7A4F7556}") = "Rasodu.IndexesConstituents.Updater", "src\Rasodu.IndexesConstituents.Updater\Rasodu.IndexesConstituents.Updater.csproj", "{B107757E-26D2-4673-BBED-E84646DCBE75}"
EndProject
Project("{9A19103F-16F7-4668-BE54-9A1E7A4F7556}") = "Rasodu.IndexesConstituents.Updater.Test", "src\Rasodu.IndexesConstituents.Updater.Test\Rasodu.IndexesConstituents.Updater.Test.csproj", "{BE6FF464-3F11-45C9-BA97-72A6D9FB4A99}"
EndProject
Project("{9A19103F-16F7-4668-BE54-9A1E7A4F7556}") = "Rasodu.IndexesConstituents.Client", "src\Rasodu.IndexesConstituents.Client\Rasodu.IndexesConstituents.Client.csproj", "{EF6C815E-8315-4A55-9529-F6099D88CD94}"
EndProject
Project("{9A19103F-16F7-4668-BE54-9A1E7A4F7556}") = "Rasodu.IndexesConstituents.Client.Test", "src\Rasodu.IndexesConstituents.Client.Test\Rasodu.IndexesConstituents.Client.Test.csproj", "{148D7E09-E95E-4320-8829-3DE6B1009868}"
EndProject
Project("{2150E333-8FDC-42A3-9474-1A3956D46DE8}") = "samples", "samples", "{7E97B5EB-200D-43B5-BD45-22705B2CE2AA}"
EndProject
Project("{9A19103F-16F7-4668-BE54-9A1E7A4F7556}") = "PrintDowJones30", "samples\PrintDowJones30\PrintDowJones30.csproj", "{6AF9E795-93F4-4D05-B9FD-C9AAD850C6BD}"
EndProject
Global
	GlobalSection(SolutionConfigurationPlatforms) = preSolution
		Debug|Any CPU = Debug|Any CPU
		Release|Any CPU = Release|Any CPU
	EndGlobalSection
	GlobalSection(ProjectConfigurationPlatforms) = postSolution
		{B107757E-26D2-4673-BBED-E84646DCBE75}.Debug|Any CPU.ActiveCfg = Debug|Any CPU
		{B107757E-26D2-4673-BBED-E84646DCBE75}.Debug|Any CPU.Build.0 = Debug|Any CPU
		{B107757E-26D2-4673-BBED-E84646DCBE75}.Release|Any CPU.ActiveCfg = Release|Any CPU
		{B107757E-26D2-4673-BBED-E84646DCBE75}.Release|Any CPU.Build.0 = Release|Any CPU
		{BE6FF464-3F11-45C9-BA97-72A6D9FB4A99}.Debug|Any CPU.ActiveCfg = Debug|Any CPU
		{BE6FF464-3F11-45C9-BA97-72A6D9FB4A99}.Debug|Any CPU.Build.0 = Debug|Any CPU
		{BE6FF464-3F11-45C9-BA97-72A6D9FB4A99}.Release|Any CPU.ActiveCfg = Release|Any CPU
		{BE6FF464-3F11-45C9-BA97-72A6D9FB4A99}.Release|Any CPU.Build.0 = Release|Any CPU
		{EF6C815E-8315-4A55-9529-F6099D88CD94}.Debug|Any CPU.ActiveCfg = Debug|Any CPU
		{EF6C815E-8315-4A55-9529-F6099D88CD94}.Debug|Any CPU.Build.0 = Debug|Any CPU
		{EF6C815E-8315-4A55-9529-F6099D88CD94}.Release|Any CPU.ActiveCfg = Release|Any CPU
		{EF6C815E-8315-4A55-9529-F6099D88CD94}.Release|Any CPU.Build.0 = Release|Any CPU
		{148D7E09-E95E-4320-8829-3DE6B1009868}.Debug|Any CPU.ActiveCfg = Debug|Any CPU
		{148D7E09-E95E-4320-8829-3DE6B1009868}.Debug|Any CPU.Build.0 = Debug|Any CPU
		{148D7E09-E95E-4320-8829-3DE6B1009868}.Release|Any CPU.ActiveCfg = Release|Any CPU
		{148D7E09-E95E-4320-8829-3DE6B1009868}.Release|Any CPU.Build.0 = Release|Any CPU
		{6AF9E795-93F4-4D05-B9FD-C9AAD850C6BD}.Debug|Any CPU.ActiveCfg = Debug|Any CPU
		{6AF9E795-93F4-4D05-B9FD-C9AAD850C6BD}.Debug|Any CPU.Build.0 = Debug|Any CPU
		{6AF9E795-93F4-4D05-B9FD-C9AAD850C6BD}.Release|Any CPU.ActiveCfg = Release|Any CPU
		{6AF9E795-93F4-4D05-B9FD-C9AAD850C6BD}.Release|Any CPU.Build.0 = Release|Any CPU
	EndGlobalSection
	GlobalSection(SolutionProperties) = preSolution
		HideSolutionNode = FALSE
	EndGlobalSection
	GlobalSection(NestedProjects) = preSolution
		{B107757E-26D2-4673-BBED-E84646DCBE75} = {40C82C47-5328-4392-8027-70284087CFF1}
		{BE6FF464-3F11-45C9-BA97-72A6D9FB4A99} = {40C82C47-5328-4392-8027-70284087CFF1}
		{EF6C815E-8315-4A55-9529-F6099D88CD94} = {40C82C47-5328-4392-8027-70284087CFF1}
		{148D7E09-E95E-4320-8829-3DE6B1009868} = {40C82C47-5328-4392-8027-70284087CFF1}
		{6AF9E795-93F4-4D05-B9FD-C9AAD850C6BD} = {7E97B5EB-200D-43B5-BD45-22705B2CE2AA}
	EndGlobalSection
	GlobalSection(ExtensibilityGlobals) = postSolution
		SolutionGuid = {A9A10C30-27F1-4DE5-B271-0E1FCC403A47}
	EndGlobalSection
EndGlobal
